
Microsoft Visual Studio Solution File, Format Version 12.00
# Visual Studio Version 16
VisualStudioVersion = 16.0.29409.12
MinimumVisualStudioVersion = 10.0.40219.1
Project("{FAE04EC0-301F-11D3-BF4B-00C04F79EFBC}") = "1510", "1510.csproj", "{0795A6ED-9D04-42AC-B559-A4785F174A93}"
EndProject
Global
	GlobalSection(SolutionConfigurationPlatforms) = preSolution
		Debug|Any CPU = Debug|Any CPU
		Release|Any CPU = Release|Any CPU
	EndGlobalSection
	GlobalSection(ProjectConfigurationPlatforms) = postSolution
		{0795A6ED-9D04-42AC-B559-A4785F174A93}.Debug|Any CPU.ActiveCfg = Debug|Any CPU
		{0795A6ED-9D04-42AC-B559-A4785F174A93}.Debug|Any CPU.Build.0 = Debug|Any CPU
		{0795A6ED-9D04-42AC-B559-A4785F174A93}.Release|Any CPU.ActiveCfg = Release|Any CPU
		{0795A6ED-9D04-42AC-B559-A4785F174A93}.Release|Any CPU.Build.0 = Release|Any CPU
	EndGlobalSection
	GlobalSection(SolutionProperties) = preSolution
		HideSolutionNode = FALSE
	EndGlobalSection
	GlobalSection(ExtensibilityGlobals) = postSolution
		SolutionGuid = {0D41D438-4279-4D6D-9C9C-9A45771E0625}
	EndGlobalSection
EndGlobal
