
Microsoft Visual Studio Solution File, Format Version 12.00
# Visual Studio Version 16
VisualStudioVersion = 16.0.29411.108
MinimumVisualStudioVersion = 10.0.40219.1
Project("{FAE04EC0-301F-11D3-BF4B-00C04F79EFBC}") = "2210", "2210.csproj", "{1E394CD5-4F09-4A52-A6A3-E4B43FBB2984}"
EndProject
Global
	GlobalSection(SolutionConfigurationPlatforms) = preSolution
		Debug|Any CPU = Debug|Any CPU
		Release|Any CPU = Release|Any CPU
	EndGlobalSection
	GlobalSection(ProjectConfigurationPlatforms) = postSolution
		{1E394CD5-4F09-4A52-A6A3-E4B43FBB2984}.Debug|Any CPU.ActiveCfg = Debug|Any CPU
		{1E394CD5-4F09-4A52-A6A3-E4B43FBB2984}.Debug|Any CPU.Build.0 = Debug|Any CPU
		{1E394CD5-4F09-4A52-A6A3-E4B43FBB2984}.Release|Any CPU.ActiveCfg = Release|Any CPU
		{1E394CD5-4F09-4A52-A6A3-E4B43FBB2984}.Release|Any CPU.Build.0 = Release|Any CPU
	EndGlobalSection
	GlobalSection(SolutionProperties) = preSolution
		HideSolutionNode = FALSE
	EndGlobalSection
	GlobalSection(ExtensibilityGlobals) = postSolution
		SolutionGuid = {60A98183-96E2-4CDA-919A-C687FA6A4382}
	EndGlobalSection
EndGlobal
