
Microsoft Visual Studio Solution File, Format Version 12.00
# Visual Studio Version 16
VisualStudioVersion = 16.0.29411.108
MinimumVisualStudioVersion = 10.0.40219.1
Project("{FAE04EC0-301F-11D3-BF4B-00C04F79EFBC}") = "1911", "1911.csproj", "{27F74105-7B26-4876-A685-6F988C5826D1}"
EndProject
Global
	GlobalSection(SolutionConfigurationPlatforms) = preSolution
		Debug|Any CPU = Debug|Any CPU
		Release|Any CPU = Release|Any CPU
	EndGlobalSection
	GlobalSection(ProjectConfigurationPlatforms) = postSolution
		{27F74105-7B26-4876-A685-6F988C5826D1}.Debug|Any CPU.ActiveCfg = Debug|Any CPU
		{27F74105-7B26-4876-A685-6F988C5826D1}.Debug|Any CPU.Build.0 = Debug|Any CPU
		{27F74105-7B26-4876-A685-6F988C5826D1}.Release|Any CPU.ActiveCfg = Release|Any CPU
		{27F74105-7B26-4876-A685-6F988C5826D1}.Release|Any CPU.Build.0 = Release|Any CPU
	EndGlobalSection
	GlobalSection(SolutionProperties) = preSolution
		HideSolutionNode = FALSE
	EndGlobalSection
	GlobalSection(ExtensibilityGlobals) = postSolution
		SolutionGuid = {DEF70975-24DB-49AF-A613-229FB7C72CD3}
	EndGlobalSection
EndGlobal
