
Microsoft Visual Studio Solution File, Format Version 12.00
# Visual Studio Version 16
VisualStudioVersion = 16.0.29519.181
MinimumVisualStudioVersion = 10.0.40219.1
Project("{FAE04EC0-301F-11D3-BF4B-00C04F79EFBC}") = "1012", "1012.csproj", "{889C3141-AEAF-41F0-85F9-38E08D241F27}"
EndProject
Global
	GlobalSection(SolutionConfigurationPlatforms) = preSolution
		Debug|Any CPU = Debug|Any CPU
		Release|Any CPU = Release|Any CPU
	EndGlobalSection
	GlobalSection(ProjectConfigurationPlatforms) = postSolution
		{889C3141-AEAF-41F0-85F9-38E08D241F27}.Debug|Any CPU.ActiveCfg = Debug|Any CPU
		{889C3141-AEAF-41F0-85F9-38E08D241F27}.Debug|Any CPU.Build.0 = Debug|Any CPU
		{889C3141-AEAF-41F0-85F9-38E08D241F27}.Release|Any CPU.ActiveCfg = Release|Any CPU
		{889C3141-AEAF-41F0-85F9-38E08D241F27}.Release|Any CPU.Build.0 = Release|Any CPU
	EndGlobalSection
	GlobalSection(SolutionProperties) = preSolution
		HideSolutionNode = FALSE
	EndGlobalSection
	GlobalSection(ExtensibilityGlobals) = postSolution
		SolutionGuid = {49F088C7-1E55-499C-A9D8-2DB78E494D32}
	EndGlobalSection
EndGlobal
