
Microsoft Visual Studio Solution File, Format Version 12.00
# Visual Studio Version 16
VisualStudioVersion = 16.0.29519.181
MinimumVisualStudioVersion = 10.0.40219.1
Project("{FAE04EC0-301F-11D3-BF4B-00C04F79EFBC}") = "701", "701.csproj", "{2B9B3887-8309-49FB-8DAB-2B57235C3572}"
EndProject
Global
	GlobalSection(SolutionConfigurationPlatforms) = preSolution
		Debug|Any CPU = Debug|Any CPU
		Release|Any CPU = Release|Any CPU
	EndGlobalSection
	GlobalSection(ProjectConfigurationPlatforms) = postSolution
		{2B9B3887-8309-49FB-8DAB-2B57235C3572}.Debug|Any CPU.ActiveCfg = Debug|Any CPU
		{2B9B3887-8309-49FB-8DAB-2B57235C3572}.Debug|Any CPU.Build.0 = Debug|Any CPU
		{2B9B3887-8309-49FB-8DAB-2B57235C3572}.Release|Any CPU.ActiveCfg = Release|Any CPU
		{2B9B3887-8309-49FB-8DAB-2B57235C3572}.Release|Any CPU.Build.0 = Release|Any CPU
	EndGlobalSection
	GlobalSection(SolutionProperties) = preSolution
		HideSolutionNode = FALSE
	EndGlobalSection
	GlobalSection(ExtensibilityGlobals) = postSolution
		SolutionGuid = {DB8FFDF2-432D-4E38-B9CE-402DECA6287E}
	EndGlobalSection
EndGlobal
