
Microsoft Visual Studio Solution File, Format Version 12.00
# Visual Studio Version 16
VisualStudioVersion = 16.0.29519.181
MinimumVisualStudioVersion = 10.0.40219.1
Project("{FAE04EC0-301F-11D3-BF4B-00C04F79EFBC}") = "702_2", "702_2.csproj", "{A5AA0A81-8FD8-4E03-AF2E-106108576D9F}"
EndProject
Global
	GlobalSection(SolutionConfigurationPlatforms) = preSolution
		Debug|Any CPU = Debug|Any CPU
		Release|Any CPU = Release|Any CPU
	EndGlobalSection
	GlobalSection(ProjectConfigurationPlatforms) = postSolution
		{A5AA0A81-8FD8-4E03-AF2E-106108576D9F}.Debug|Any CPU.ActiveCfg = Debug|Any CPU
		{A5AA0A81-8FD8-4E03-AF2E-106108576D9F}.Debug|Any CPU.Build.0 = Debug|Any CPU
		{A5AA0A81-8FD8-4E03-AF2E-106108576D9F}.Release|Any CPU.ActiveCfg = Release|Any CPU
		{A5AA0A81-8FD8-4E03-AF2E-106108576D9F}.Release|Any CPU.Build.0 = Release|Any CPU
	EndGlobalSection
	GlobalSection(SolutionProperties) = preSolution
		HideSolutionNode = FALSE
	EndGlobalSection
	GlobalSection(ExtensibilityGlobals) = postSolution
		SolutionGuid = {3E334D8A-3B16-4007-9DFD-4747ED036C3D}
	EndGlobalSection
EndGlobal
